<?xml version="1.0" encoding="utf-8"?>
<Project ToolsVersion="4.0" xmlns="http://schemas.microsoft.com/developer/msbuild/2003">
  <ItemGroup>
    <Filter Include="Source Files">
      <UniqueIdentifier>{4FC737F1-C7A5-4376-A066-2A32D752A2FF}</UniqueIdentifier>
      <Extensions>cpp;c;cc;cxx;def;odl;idl;hpj;bat;asm;asmx</Extensions>
    </Filter>
    <Filter Include="Header Files">
      <UniqueIdentifier>{93995380-89BD-4b04-88EB-625FBE52EBFB}</UniqueIdentifier>
      <Extensions>h;hh;hpp;hxx;hm;inl;inc;ipp;xsd</Extensions>
    </Filter>
    <Filter Include="Resource Files">
      <UniqueIdentifier>{67DA6AB6-F800-4c08-8B7A-83BB121AAD01}</UniqueIdentifier>
      <Extensions>rc;ico;cur;bmp;dlg;rc2;rct;bin;rgs;gif;jpg;jpeg;jpe;resx;tiff;tif;png;wav;mfcribbon-ms</Extensions>
    </Filter>
    <Filter Include="Source Files\Shaders">
      <UniqueIdentifier>{fba4b42a-a194-41c3-858e-1acac86e27c9}</UniqueIdentifier>
    </Filter>
  </ItemGroup>
  <ItemGroup>
    <ClCompile Include="CoreEngine.cpp">
      <Filter>Source Files</Filter>
    </ClCompile>
    <ClCompile Include="EventManager.cpp">
      <Filter>Source Files</Filter>
    </ClCompile>
    <ClCompile Include="LogManager.cpp">
      <Filter>Source Files</Filter>
    </ClCompile>
    <ClCompile Include="main.cpp">
      <Filter>Source Files</Filter>
    </ClCompile>
    <ClCompile Include="TimeManager.cpp">
      <Filter>Source Files</Filter>
    </ClCompile>
    <ClCompile Include="InputManager.cpp">
      <Filter>Source Files</Filter>
    </ClCompile>
    <ClCompile Include="RenderManager.cpp">
      <Filter>Source Files</Filter>
    </ClCompile>
    <ClCompile Include="SceneManager.cpp">
      <Filter>Source Files</Filter>
    </ClCompile>
    <ClCompile Include="Shader.cpp">
      <Filter>Source Files</Filter>
    </ClCompile>
    <ClCompile Include="Mesh.cpp">
      <Filter>Source Files</Filter>
    </ClCompile>
    <ClCompile Include="Transform.cpp">
      <Filter>Source Files</Filter>
    </ClCompile>
    <ClCompile Include="GameObject.cpp">
      <Filter>Source Files</Filter>
    </ClCompile>
    <ClCompile Include="Material.cpp">
      <Filter>Source Files</Filter>
    </ClCompile>
    <ClCompile Include="Camera.cpp">
      <Filter>Source Files</Filter>
    </ClCompile>
    <ClCompile Include="PlayerObject.cpp">
      <Filter>Source Files</Filter>
    </ClCompile>
    <ClCompile Include="Light.cpp">
      <Filter>Source Files</Filter>
    </ClCompile>
    <ClCompile Include="Renderable.cpp">
      <Filter>Source Files</Filter>
    </ClCompile>
    <ClCompile Include="Texture.cpp">
      <Filter>Source Files</Filter>
    </ClCompile>
    <ClCompile Include="ShadowMap.cpp">
      <Filter>Source Files</Filter>
    </ClCompile>
    <ClCompile Include="RenderTexture.cpp">
      <Filter>Source Files</Filter>
    </ClCompile>
  </ItemGroup>
  <ItemGroup>
    <ClInclude Include="EventManager.h">
      <Filter>Header Files</Filter>
    </ClInclude>
    <ClInclude Include="EventListener.h">
      <Filter>Header Files</Filter>
    </ClInclude>
    <ClInclude Include="LogManager.h">
      <Filter>Header Files</Filter>
    </ClInclude>
    <ClInclude Include="CoreEngine.h">
      <Filter>Header Files</Filter>
    </ClInclude>
    <ClInclude Include="EngineComponent.h">
      <Filter>Header Files</Filter>
    </ClInclude>
    <ClInclude Include="BlazeObject.h">
      <Filter>Header Files</Filter>
    </ClInclude>
    <ClInclude Include="TimeManager.h">
      <Filter>Header Files</Filter>
    </ClInclude>
    <ClInclude Include="InputManager.h">
      <Filter>Header Files</Filter>
    </ClInclude>
    <ClInclude Include="RenderManager.h">
      <Filter>Header Files</Filter>
    </ClInclude>
    <ClInclude Include="GameObject.h">
      <Filter>Header Files</Filter>
    </ClInclude>
    <ClInclude Include="SceneManager.h">
      <Filter>Header Files</Filter>
    </ClInclude>
    <ClInclude Include="Shader.h">
      <Filter>Header Files</Filter>
    </ClInclude>
    <ClInclude Include="Mesh.h">
      <Filter>Header Files</Filter>
    </ClInclude>
    <ClInclude Include="Transform.h">
      <Filter>Header Files</Filter>
    </ClInclude>
    <ClInclude Include="SceneObject.h">
      <Filter>Header Files</Filter>
    </ClInclude>
    <ClInclude Include="Renderable.h">
      <Filter>Header Files</Filter>
    </ClInclude>
    <ClInclude Include="Material.h">
      <Filter>Header Files</Filter>
    </ClInclude>
    <ClInclude Include="Camera.h">
      <Filter>Header Files</Filter>
    </ClInclude>
    <ClInclude Include="PlayerObject.h">
      <Filter>Header Files</Filter>
    </ClInclude>
    <ClInclude Include="Light.h">
      <Filter>Header Files</Filter>
    </ClInclude>
    <ClInclude Include="Texture.h">
      <Filter>Header Files</Filter>
    </ClInclude>
    <ClInclude Include="BuildConfiguration.h">
      <Filter>Header Files</Filter>
    </ClInclude>
    <ClInclude Include="ShadowMap.h">
      <Filter>Header Files</Filter>
    </ClInclude>
    <ClInclude Include="RenderTexture.h">
      <Filter>Header Files</Filter>
    </ClInclude>
  </ItemGroup>
  <ItemGroup>
    <None Include="Shaders\errorShader.frag">
      <Filter>Source Files\Shaders</Filter>
    </None>
    <None Include="Shaders\errorShader.vert">
      <Filter>Source Files\Shaders</Filter>
    </None>
    <None Include="Shaders\lambertShader.frag">
      <Filter>Source Files\Shaders</Filter>
    </None>
    <None Include="Shaders\lambertShader.vert">
      <Filter>Source Files\Shaders</Filter>
    </None>
    <None Include="Shaders\phongShader.frag">
      <Filter>Source Files\Shaders</Filter>
    </None>
    <None Include="Shaders\phongShader.vert">
      <Filter>Source Files\Shaders</Filter>
    </None>
    <None Include="Shaders\BlazeCommon.glsl">
      <Filter>Source Files\Shaders</Filter>
    </None>
    <None Include="Shaders\BlazeGlobals.glsl">
      <Filter>Source Files\Shaders</Filter>
    </None>
    <None Include="depthShader.frag">
      <Filter>Source Files\Shaders</Filter>
    </None>
    <None Include="Shaders\depthShader.vert">
      <Filter>Source Files\Shaders</Filter>
    </None>
    <None Include="Shaders\gBufferFillShader.frag">
      <Filter>Source Files\Shaders</Filter>
    </None>
    <None Include="Shaders\gBufferFillShader.vert">
      <Filter>Source Files\Shaders</Filter>
    </None>
    <None Include="Shaders\deferredKeyLightShader.frag">
      <Filter>Source Files\Shaders</Filter>
    </None>
    <None Include="Shaders\deferredKeyLightShader.vert">
      <Filter>Source Files\Shaders</Filter>
    </None>
    <None Include="Shaders\blitShader.frag">
      <Filter>Source Files\Shaders</Filter>
    </None>
    <None Include="Shaders\blitShader.vert">
      <Filter>Source Files\Shaders</Filter>
    </None>
    <None Include="Shaders\deferredAmbientLightShader.frag">
      <Filter>Source Files\Shaders</Filter>
    </None>
    <None Include="Shaders\deferredAmbientLightShader.vert">
      <Filter>Source Files\Shaders</Filter>
    </None>
    <None Include="Shaders\deferredPointLightShader.frag">
      <Filter>Source Files\Shaders</Filter>
    </None>
    <None Include="Shaders\deferredPointLightShader.vert">
      <Filter>Source Files\Shaders</Filter>
    </None>
    <None Include="Shaders\BlazeLighting.glsl">
      <Filter>Source Files\Shaders</Filter>
    </None>
    <None Include="Shaders\gBufferFillShader.geom">
      <Filter>Source Files\Shaders</Filter>
    </None>
    <None Include="Shaders\geometryDemoShader.frag">
      <Filter>Source Files\Shaders</Filter>
    </None>
    <None Include="Shaders\geometryDemoShader.vert">
      <Filter>Source Files\Shaders</Filter>
    </None>
    <None Include="Shaders\geometryDemoShader.geom">
      <Filter>Source Files\Shaders</Filter>
    </None>
  </ItemGroup>
</Project>